
Microsoft Visual Studio Solution File, Format Version 12.00
# Visual Studio Version 17
VisualStudioVersion = 17.8.34330.188
MinimumVisualStudioVersion = 10.0.40219.1
Project("{9A19103F-16F7-4668-BE54-9A1E7A4F7556}") = "ApiGateway", "Ocelot API Gateway\ApiGateway.csproj", "{16DFF688-BA78-474F-99B7-C5FC805FD46E}"
EndProject
Project("{9A19103F-16F7-4668-BE54-9A1E7A4F7556}") = "AuthMS", "UsersMicroservice\AuthMS.csproj", "{C182476D-BDA3-43B1-8252-BA62A3FAC624}"
EndProject
Project("{2150E333-8FDC-42A3-9474-1A3956D46DE8}") = "Shared", "Shared", "{DD91BE44-7460-453F-99D5-23D9455BE573}"
EndProject
Project("{9A19103F-16F7-4668-BE54-9A1E7A4F7556}") = "Services", "Services\Services.csproj", "{D5471888-A5A6-4FD8-9B1B-4A1E610ED3D1}"
EndProject
Project("{9A19103F-16F7-4668-BE54-9A1E7A4F7556}") = "DTOs", "DTOs\DTOs.csproj", "{F23C35BB-A2E6-4EF2-BF7B-C9A3093A37FC}"
EndProject
Project("{9A19103F-16F7-4668-BE54-9A1E7A4F7556}") = "Helpers", "Utils\Helpers.csproj", "{484C0D0E-8590-40BF-97E0-F3C82B93AD7A}"
EndProject
Project("{9A19103F-16F7-4668-BE54-9A1E7A4F7556}") = "Validators", "Validators\Validators.csproj", "{471AB180-389F-4CCF-AF9C-CC910AA0D173}"
EndProject
Project("{9A19103F-16F7-4668-BE54-9A1E7A4F7556}") = "Handlers", "Handlers\Handlers.csproj", "{82EA2022-AB7A-4D85-B33C-AD78A2410082}"
EndProject
Project("{9A19103F-16F7-4668-BE54-9A1E7A4F7556}") = "Middlewares", "Middlewares\Middlewares.csproj", "{BAF20658-6899-406E-9E6D-3563D7340C42}"
EndProject
Project("{9A19103F-16F7-4668-BE54-9A1E7A4F7556}") = "FactivarAPI", "FactivarAPI\FactivarAPI.csproj", "{98ABA137-1F20-4F84-9E9B-9A332740E8B5}"
EndProject
Project("{9A19103F-16F7-4668-BE54-9A1E7A4F7556}") = "Filters", "Filters\Filters.csproj", "{ED1C1195-BA32-4F79-956C-AC5EE0AB9A39}"
EndProject
Global
	GlobalSection(SolutionConfigurationPlatforms) = preSolution
		Debug|Any CPU = Debug|Any CPU
		Release|Any CPU = Release|Any CPU
	EndGlobalSection
	GlobalSection(ProjectConfigurationPlatforms) = postSolution
		{16DFF688-BA78-474F-99B7-C5FC805FD46E}.Debug|Any CPU.ActiveCfg = Debug|Any CPU
		{16DFF688-BA78-474F-99B7-C5FC805FD46E}.Debug|Any CPU.Build.0 = Debug|Any CPU
		{16DFF688-BA78-474F-99B7-C5FC805FD46E}.Release|Any CPU.ActiveCfg = Release|Any CPU
		{16DFF688-BA78-474F-99B7-C5FC805FD46E}.Release|Any CPU.Build.0 = Release|Any CPU
		{C182476D-BDA3-43B1-8252-BA62A3FAC624}.Debug|Any CPU.ActiveCfg = Debug|Any CPU
		{C182476D-BDA3-43B1-8252-BA62A3FAC624}.Debug|Any CPU.Build.0 = Debug|Any CPU
		{C182476D-BDA3-43B1-8252-BA62A3FAC624}.Release|Any CPU.ActiveCfg = Release|Any CPU
		{C182476D-BDA3-43B1-8252-BA62A3FAC624}.Release|Any CPU.Build.0 = Release|Any CPU
		{D5471888-A5A6-4FD8-9B1B-4A1E610ED3D1}.Debug|Any CPU.ActiveCfg = Debug|Any CPU
		{D5471888-A5A6-4FD8-9B1B-4A1E610ED3D1}.Debug|Any CPU.Build.0 = Debug|Any CPU
		{D5471888-A5A6-4FD8-9B1B-4A1E610ED3D1}.Release|Any CPU.ActiveCfg = Release|Any CPU
		{D5471888-A5A6-4FD8-9B1B-4A1E610ED3D1}.Release|Any CPU.Build.0 = Release|Any CPU
		{F23C35BB-A2E6-4EF2-BF7B-C9A3093A37FC}.Debug|Any CPU.ActiveCfg = Debug|Any CPU
		{F23C35BB-A2E6-4EF2-BF7B-C9A3093A37FC}.Debug|Any CPU.Build.0 = Debug|Any CPU
		{F23C35BB-A2E6-4EF2-BF7B-C9A3093A37FC}.Release|Any CPU.ActiveCfg = Release|Any CPU
		{F23C35BB-A2E6-4EF2-BF7B-C9A3093A37FC}.Release|Any CPU.Build.0 = Release|Any CPU
		{484C0D0E-8590-40BF-97E0-F3C82B93AD7A}.Debug|Any CPU.ActiveCfg = Debug|Any CPU
		{484C0D0E-8590-40BF-97E0-F3C82B93AD7A}.Debug|Any CPU.Build.0 = Debug|Any CPU
		{484C0D0E-8590-40BF-97E0-F3C82B93AD7A}.Release|Any CPU.ActiveCfg = Release|Any CPU
		{484C0D0E-8590-40BF-97E0-F3C82B93AD7A}.Release|Any CPU.Build.0 = Release|Any CPU
		{471AB180-389F-4CCF-AF9C-CC910AA0D173}.Debug|Any CPU.ActiveCfg = Debug|Any CPU
		{471AB180-389F-4CCF-AF9C-CC910AA0D173}.Debug|Any CPU.Build.0 = Debug|Any CPU
		{471AB180-389F-4CCF-AF9C-CC910AA0D173}.Release|Any CPU.ActiveCfg = Release|Any CPU
		{471AB180-389F-4CCF-AF9C-CC910AA0D173}.Release|Any CPU.Build.0 = Release|Any CPU
		{82EA2022-AB7A-4D85-B33C-AD78A2410082}.Debug|Any CPU.ActiveCfg = Debug|Any CPU
		{82EA2022-AB7A-4D85-B33C-AD78A2410082}.Debug|Any CPU.Build.0 = Debug|Any CPU
		{82EA2022-AB7A-4D85-B33C-AD78A2410082}.Release|Any CPU.ActiveCfg = Release|Any CPU
		{82EA2022-AB7A-4D85-B33C-AD78A2410082}.Release|Any CPU.Build.0 = Release|Any CPU
		{BAF20658-6899-406E-9E6D-3563D7340C42}.Debug|Any CPU.ActiveCfg = Debug|Any CPU
		{BAF20658-6899-406E-9E6D-3563D7340C42}.Debug|Any CPU.Build.0 = Debug|Any CPU
		{BAF20658-6899-406E-9E6D-3563D7340C42}.Release|Any CPU.ActiveCfg = Release|Any CPU
		{BAF20658-6899-406E-9E6D-3563D7340C42}.Release|Any CPU.Build.0 = Release|Any CPU
		{98ABA137-1F20-4F84-9E9B-9A332740E8B5}.Debug|Any CPU.ActiveCfg = Debug|Any CPU
		{98ABA137-1F20-4F84-9E9B-9A332740E8B5}.Debug|Any CPU.Build.0 = Debug|Any CPU
		{98ABA137-1F20-4F84-9E9B-9A332740E8B5}.Release|Any CPU.ActiveCfg = Release|Any CPU
		{98ABA137-1F20-4F84-9E9B-9A332740E8B5}.Release|Any CPU.Build.0 = Release|Any CPU
		{ED1C1195-BA32-4F79-956C-AC5EE0AB9A39}.Debug|Any CPU.ActiveCfg = Debug|Any CPU
		{ED1C1195-BA32-4F79-956C-AC5EE0AB9A39}.Debug|Any CPU.Build.0 = Debug|Any CPU
		{ED1C1195-BA32-4F79-956C-AC5EE0AB9A39}.Release|Any CPU.ActiveCfg = Release|Any CPU
		{ED1C1195-BA32-4F79-956C-AC5EE0AB9A39}.Release|Any CPU.Build.0 = Release|Any CPU
	EndGlobalSection
	GlobalSection(SolutionProperties) = preSolution
		HideSolutionNode = FALSE
	EndGlobalSection
	GlobalSection(NestedProjects) = preSolution
		{D5471888-A5A6-4FD8-9B1B-4A1E610ED3D1} = {DD91BE44-7460-453F-99D5-23D9455BE573}
		{F23C35BB-A2E6-4EF2-BF7B-C9A3093A37FC} = {DD91BE44-7460-453F-99D5-23D9455BE573}
		{484C0D0E-8590-40BF-97E0-F3C82B93AD7A} = {DD91BE44-7460-453F-99D5-23D9455BE573}
		{471AB180-389F-4CCF-AF9C-CC910AA0D173} = {DD91BE44-7460-453F-99D5-23D9455BE573}
		{82EA2022-AB7A-4D85-B33C-AD78A2410082} = {DD91BE44-7460-453F-99D5-23D9455BE573}
		{BAF20658-6899-406E-9E6D-3563D7340C42} = {DD91BE44-7460-453F-99D5-23D9455BE573}
		{ED1C1195-BA32-4F79-956C-AC5EE0AB9A39} = {DD91BE44-7460-453F-99D5-23D9455BE573}
	EndGlobalSection
	GlobalSection(ExtensibilityGlobals) = postSolution
		SolutionGuid = {397B0007-F346-4B55-86D4-9A9901E58E35}
	EndGlobalSection
EndGlobal
